
Microsoft Visual Studio Solution File, Format Version 12.00
# Visual Studio Version 17
VisualStudioVersion = 17.0.31903.59
MinimumVisualStudioVersion = 10.0.40219.1
Project("{9A19103F-16F7-4668-BE54-9A1E7A4F7556}") = "csharpguitardevops", "csharpguitardevops\csharpguitardevops.csproj", "{F22F953B-9598-41F6-B58F-3356A605EB8E}"
EndProject
Global
	GlobalSection(SolutionConfigurationPlatforms) = preSolution
		Debug|Any CPU = Debug|Any CPU
		Release|Any CPU = Release|Any CPU
	EndGlobalSection
	GlobalSection(ProjectConfigurationPlatforms) = postSolution
		{F22F953B-9598-41F6-B58F-3356A605EB8E}.Debug|Any CPU.ActiveCfg = Debug|Any CPU
		{F22F953B-9598-41F6-B58F-3356A605EB8E}.Debug|Any CPU.Build.0 = Debug|Any CPU
		{F22F953B-9598-41F6-B58F-3356A605EB8E}.Release|Any CPU.ActiveCfg = Release|Any CPU
		{F22F953B-9598-41F6-B58F-3356A605EB8E}.Release|Any CPU.Build.0 = Release|Any CPU
	EndGlobalSection
	GlobalSection(SolutionProperties) = preSolution
		HideSolutionNode = FALSE
	EndGlobalSection
	GlobalSection(ExtensibilityGlobals) = postSolution
		SolutionGuid = {966DBBC9-FB72-4874-97A8-A535AF5F6C7C}
	EndGlobalSection
EndGlobal
